PODS:
  - HandySwift (3.2.1)
  - SwiftyJSON (5.0.1)

DEPENDENCIES:
  - HandySwift
  - SwiftyJSON

SPEC REPOS:
  trunk:
    - HandySwift
    - SwiftyJSON

SPEC CHECKSUMS:
  HandySwift: 091d23b81d59b577029516ff3e03ce70fea6ffbb
  SwiftyJSON: 2f33a42c6fbc52764d96f13368585094bfd8aa5e

PODFILE CHECKSUM: a6748044d7daf9f1c4666786313817ac01d5d1df

COCOAPODS: 1.10.1
